
Microsoft Visual Studio Solution File, Format Version 11.00
# Visual Studio 2010
Project("{FAE04EC0-301F-11D3-BF4B-00C04F79EFBC}") = "Assembly-CSharp", "Assembly-CSharp.csproj", "{5EE94A97-EF8F-19E2-521E-D83B5532A20A}"
EndProject
Project("{FAE04EC0-301F-11D3-BF4B-00C04F79EFBC}") = "Assembly-CSharp-Editor", "Assembly-CSharp-Editor.csproj", "{C3BF8028-4CED-77E4-7DB8-23D5AC55B112}"
EndProject
Global
	GlobalSection(SolutionConfigurationPlatforms) = preSolution
		Debug|Any CPU = Debug|Any CPU
		Release|Any CPU = Release|Any CPU
	EndGlobalSection
	GlobalSection(ProjectConfigurationPlatforms) = postSolution
		{5EE94A97-EF8F-19E2-521E-D83B5532A20A}.Debug|Any CPU.ActiveCfg = Debug|Any CPU
		{5EE94A97-EF8F-19E2-521E-D83B5532A20A}.Debug|Any CPU.Build.0 = Debug|Any CPU
		{5EE94A97-EF8F-19E2-521E-D83B5532A20A}.Release|Any CPU.ActiveCfg = Release|Any CPU
		{5EE94A97-EF8F-19E2-521E-D83B5532A20A}.Release|Any CPU.Build.0 = Release|Any CPU
		{C3BF8028-4CED-77E4-7DB8-23D5AC55B112}.Debug|Any CPU.ActiveCfg = Debug|Any CPU
		{C3BF8028-4CED-77E4-7DB8-23D5AC55B112}.Debug|Any CPU.Build.0 = Debug|Any CPU
		{C3BF8028-4CED-77E4-7DB8-23D5AC55B112}.Release|Any CPU.ActiveCfg = Release|Any CPU
		{C3BF8028-4CED-77E4-7DB8-23D5AC55B112}.Release|Any CPU.Build.0 = Release|Any CPU
	EndGlobalSection
	GlobalSection(SolutionProperties) = preSolution
		HideSolutionNode = FALSE
	EndGlobalSection
EndGlobal
